
Microsoft Visual Studio Solution File, Format Version 12.00
# Visual Studio Version 17
VisualStudioVersion = 17.9.34728.123
MinimumVisualStudioVersion = 10.0.40219.1
Project("{FAE04EC0-301F-11D3-BF4B-00C04F79EFBC}") = "StarRocks MySql Connector", "StarRocks MySql Connector\StarRocks MySql Connector.csproj", "{FC129FA1-9B43-4A3E-8C82-04F06FED4E36}"
EndProject
Global
	GlobalSection(SolutionConfigurationPlatforms) = preSolution
		Debug|Any CPU = Debug|Any CPU
		Release|Any CPU = Release|Any CPU
	EndGlobalSection
	GlobalSection(ProjectConfigurationPlatforms) = postSolution
		{FC129FA1-9B43-4A3E-8C82-04F06FED4E36}.Debug|Any CPU.ActiveCfg = Debug|Any CPU
		{FC129FA1-9B43-4A3E-8C82-04F06FED4E36}.Debug|Any CPU.Build.0 = Debug|Any CPU
		{FC129FA1-9B43-4A3E-8C82-04F06FED4E36}.Release|Any CPU.ActiveCfg = Release|Any CPU
		{FC129FA1-9B43-4A3E-8C82-04F06FED4E36}.Release|Any CPU.Build.0 = Release|Any CPU
	EndGlobalSection
	GlobalSection(SolutionProperties) = preSolution
		HideSolutionNode = FALSE
	EndGlobalSection
	GlobalSection(ExtensibilityGlobals) = postSolution
		SolutionGuid = {0E74F9E0-2AB7-41AF-9446-3159D32B7CB4}
	EndGlobalSection
EndGlobal
